
Microsoft Visual Studio Solution File, Format Version 12.00
# Visual Studio Version 16
VisualStudioVersion = 16.0.30002.166
MinimumVisualStudioVersion = 10.0.40219.1
Project("{FAE04EC0-301F-11D3-BF4B-00C04F79EFBC}") = "DoAn", "DoAn\DoAn.csproj", "{DE8AF45B-EE0D-46D7-ABB1-A86DF4B901A5}"
EndProject
Global
	GlobalSection(SolutionConfigurationPlatforms) = preSolution
		Debug|Any CPU = Debug|Any CPU
		Release|Any CPU = Release|Any CPU
	EndGlobalSection
	GlobalSection(ProjectConfigurationPlatforms) = postSolution
		{DE8AF45B-EE0D-46D7-ABB1-A86DF4B901A5}.Debug|Any CPU.ActiveCfg = Debug|Any CPU
		{DE8AF45B-EE0D-46D7-ABB1-A86DF4B901A5}.Debug|Any CPU.Build.0 = Debug|Any CPU
		{DE8AF45B-EE0D-46D7-ABB1-A86DF4B901A5}.Release|Any CPU.ActiveCfg = Release|Any CPU
		{DE8AF45B-EE0D-46D7-ABB1-A86DF4B901A5}.Release|Any CPU.Build.0 = Release|Any CPU
	EndGlobalSection
	GlobalSection(SolutionProperties) = preSolution
		HideSolutionNode = FALSE
	EndGlobalSection
	GlobalSection(ExtensibilityGlobals) = postSolution
		SolutionGuid = {72249C44-8619-40BE-B45F-25D59436E868}
	EndGlobalSection
EndGlobal
